
Microsoft Visual Studio Solution File, Format Version 12.00
# Visual Studio Version 17
VisualStudioVersion = 17.3.32811.315
MinimumVisualStudioVersion = 10.0.40219.1
Project("{FAE04EC0-301F-11D3-BF4B-00C04F79EFBC}") = "ConsoleApp3", "ConsoleApp3\ConsoleApp3.csproj", "{30A3DD10-BEED-4147-9BF2-44D62E962440}"
EndProject
Global
	GlobalSection(SolutionConfigurationPlatforms) = preSolution
		Debug|Any CPU = Debug|Any CPU
		Release|Any CPU = Release|Any CPU
	EndGlobalSection
	GlobalSection(ProjectConfigurationPlatforms) = postSolution
		{30A3DD10-BEED-4147-9BF2-44D62E962440}.Debug|Any CPU.ActiveCfg = Debug|Any CPU
		{30A3DD10-BEED-4147-9BF2-44D62E962440}.Debug|Any CPU.Build.0 = Debug|Any CPU
		{30A3DD10-BEED-4147-9BF2-44D62E962440}.Release|Any CPU.ActiveCfg = Release|Any CPU
		{30A3DD10-BEED-4147-9BF2-44D62E962440}.Release|Any CPU.Build.0 = Release|Any CPU
	EndGlobalSection
	GlobalSection(SolutionProperties) = preSolution
		HideSolutionNode = FALSE
	EndGlobalSection
	GlobalSection(ExtensibilityGlobals) = postSolution
		SolutionGuid = {125C1EB7-00B2-49A9-AB3C-B8D67D9045CE}
	EndGlobalSection
EndGlobal
